
Microsoft Visual Studio Solution File, Format Version 12.00
# Visual Studio 15
VisualStudioVersion = 15.0.26124.0
MinimumVisualStudioVersion = 15.0.26124.0
Project("{2150E333-8FDC-42A3-9474-1A3956D46DE8}") = "lib", "lib", "{E4B5C352-498A-42A9-A251-008218E942DB}"
EndProject
Project("{2150E333-8FDC-42A3-9474-1A3956D46DE8}") = "src", "src", "{A8009EAB-7754-4CC6-908F-626DC2B7F255}"
EndProject
Project("{9A19103F-16F7-4668-BE54-9A1E7A4F7556}") = "Common.MathLib", "lib\src\common.mathlib\Common.MathLib.csproj", "{702C2A10-0401-4504-B6C7-06CB05997161}"
EndProject
Project("{2150E333-8FDC-42A3-9474-1A3956D46DE8}") = "test", "test", "{3EFA8086-5627-44BC-9C21-39CFC4145700}"
EndProject
Project("{9A19103F-16F7-4668-BE54-9A1E7A4F7556}") = "Common.MathLib.Tests", "lib\test\common.mathlib.tests\Common.MathLib.Tests.csproj", "{5A1AEBF3-E403-43D0-92AE-D5F85E9A00D3}"
EndProject
Project("{2150E333-8FDC-42A3-9474-1A3956D46DE8}") = "api", "api", "{BB5C8592-B675-4225-92AF-4E0B7AE7FBCC}"
EndProject
Project("{2150E333-8FDC-42A3-9474-1A3956D46DE8}") = "src", "src", "{586FA80E-7A75-4FA7-A946-5C02053DAFEF}"
EndProject
Project("{9A19103F-16F7-4668-BE54-9A1E7A4F7556}") = "Api.Vote", "api\src\api.vote\Api.Vote.csproj", "{9CD3D194-6423-4B0B-A024-B87DA1D208E5}"
EndProject
Project("{2150E333-8FDC-42A3-9474-1A3956D46DE8}") = "test", "test", "{C3B71405-7F10-45FB-8DCD-657C626DA479}"
EndProject
Project("{9A19103F-16F7-4668-BE54-9A1E7A4F7556}") = "Api.Vote.Tests", "api\test\api.vote.tests\Api.Vote.Tests.csproj", "{43382D53-FFE0-4BD0-8F5D-9594858B2E69}"
EndProject
Global
	GlobalSection(SolutionConfigurationPlatforms) = preSolution
		Debug|Any CPU = Debug|Any CPU
		Debug|x64 = Debug|x64
		Debug|x86 = Debug|x86
		Release|Any CPU = Release|Any CPU
		Release|x64 = Release|x64
		Release|x86 = Release|x86
	EndGlobalSection
	GlobalSection(ProjectConfigurationPlatforms) = postSolution
		{702C2A10-0401-4504-B6C7-06CB05997161}.Debug|Any CPU.ActiveCfg = Debug|Any CPU
		{702C2A10-0401-4504-B6C7-06CB05997161}.Debug|Any CPU.Build.0 = Debug|Any CPU
		{702C2A10-0401-4504-B6C7-06CB05997161}.Debug|x64.ActiveCfg = Debug|Any CPU
		{702C2A10-0401-4504-B6C7-06CB05997161}.Debug|x64.Build.0 = Debug|Any CPU
		{702C2A10-0401-4504-B6C7-06CB05997161}.Debug|x86.ActiveCfg = Debug|Any CPU
		{702C2A10-0401-4504-B6C7-06CB05997161}.Debug|x86.Build.0 = Debug|Any CPU
		{702C2A10-0401-4504-B6C7-06CB05997161}.Release|Any CPU.ActiveCfg = Release|Any CPU
		{702C2A10-0401-4504-B6C7-06CB05997161}.Release|Any CPU.Build.0 = Release|Any CPU
		{702C2A10-0401-4504-B6C7-06CB05997161}.Release|x64.ActiveCfg = Release|Any CPU
		{702C2A10-0401-4504-B6C7-06CB05997161}.Release|x64.Build.0 = Release|Any CPU
		{702C2A10-0401-4504-B6C7-06CB05997161}.Release|x86.ActiveCfg = Release|Any CPU
		{702C2A10-0401-4504-B6C7-06CB05997161}.Release|x86.Build.0 = Release|Any CPU
		{5A1AEBF3-E403-43D0-92AE-D5F85E9A00D3}.Debug|Any CPU.ActiveCfg = Debug|Any CPU
		{5A1AEBF3-E403-43D0-92AE-D5F85E9A00D3}.Debug|Any CPU.Build.0 = Debug|Any CPU
		{5A1AEBF3-E403-43D0-92AE-D5F85E9A00D3}.Debug|x64.ActiveCfg = Debug|Any CPU
		{5A1AEBF3-E403-43D0-92AE-D5F85E9A00D3}.Debug|x64.Build.0 = Debug|Any CPU
		{5A1AEBF3-E403-43D0-92AE-D5F85E9A00D3}.Debug|x86.ActiveCfg = Debug|Any CPU
		{5A1AEBF3-E403-43D0-92AE-D5F85E9A00D3}.Debug|x86.Build.0 = Debug|Any CPU
		{5A1AEBF3-E403-43D0-92AE-D5F85E9A00D3}.Release|Any CPU.ActiveCfg = Release|Any CPU
		{5A1AEBF3-E403-43D0-92AE-D5F85E9A00D3}.Release|Any CPU.Build.0 = Release|Any CPU
		{5A1AEBF3-E403-43D0-92AE-D5F85E9A00D3}.Release|x64.ActiveCfg = Release|Any CPU
		{5A1AEBF3-E403-43D0-92AE-D5F85E9A00D3}.Release|x64.Build.0 = Release|Any CPU
		{5A1AEBF3-E403-43D0-92AE-D5F85E9A00D3}.Release|x86.ActiveCfg = Release|Any CPU
		{5A1AEBF3-E403-43D0-92AE-D5F85E9A00D3}.Release|x86.Build.0 = Release|Any CPU
		{9CD3D194-6423-4B0B-A024-B87DA1D208E5}.Debug|Any CPU.ActiveCfg = Debug|Any CPU
		{9CD3D194-6423-4B0B-A024-B87DA1D208E5}.Debug|Any CPU.Build.0 = Debug|Any CPU
		{9CD3D194-6423-4B0B-A024-B87DA1D208E5}.Debug|x64.ActiveCfg = Debug|Any CPU
		{9CD3D194-6423-4B0B-A024-B87DA1D208E5}.Debug|x64.Build.0 = Debug|Any CPU
		{9CD3D194-6423-4B0B-A024-B87DA1D208E5}.Debug|x86.ActiveCfg = Debug|Any CPU
		{9CD3D194-6423-4B0B-A024-B87DA1D208E5}.Debug|x86.Build.0 = Debug|Any CPU
		{9CD3D194-6423-4B0B-A024-B87DA1D208E5}.Release|Any CPU.ActiveCfg = Release|Any CPU
		{9CD3D194-6423-4B0B-A024-B87DA1D208E5}.Release|Any CPU.Build.0 = Release|Any CPU
		{9CD3D194-6423-4B0B-A024-B87DA1D208E5}.Release|x64.ActiveCfg = Release|Any CPU
		{9CD3D194-6423-4B0B-A024-B87DA1D208E5}.Release|x64.Build.0 = Release|Any CPU
		{9CD3D194-6423-4B0B-A024-B87DA1D208E5}.Release|x86.ActiveCfg = Release|Any CPU
		{9CD3D194-6423-4B0B-A024-B87DA1D208E5}.Release|x86.Build.0 = Release|Any CPU
		{43382D53-FFE0-4BD0-8F5D-9594858B2E69}.Debug|Any CPU.ActiveCfg = Debug|Any CPU
		{43382D53-FFE0-4BD0-8F5D-9594858B2E69}.Debug|Any CPU.Build.0 = Debug|Any CPU
		{43382D53-FFE0-4BD0-8F5D-9594858B2E69}.Debug|x64.ActiveCfg = Debug|Any CPU
		{43382D53-FFE0-4BD0-8F5D-9594858B2E69}.Debug|x64.Build.0 = Debug|Any CPU
		{43382D53-FFE0-4BD0-8F5D-9594858B2E69}.Debug|x86.ActiveCfg = Debug|Any CPU
		{43382D53-FFE0-4BD0-8F5D-9594858B2E69}.Debug|x86.Build.0 = Debug|Any CPU
		{43382D53-FFE0-4BD0-8F5D-9594858B2E69}.Release|Any CPU.ActiveCfg = Release|Any CPU
		{43382D53-FFE0-4BD0-8F5D-9594858B2E69}.Release|Any CPU.Build.0 = Release|Any CPU
		{43382D53-FFE0-4BD0-8F5D-9594858B2E69}.Release|x64.ActiveCfg = Release|Any CPU
		{43382D53-FFE0-4BD0-8F5D-9594858B2E69}.Release|x64.Build.0 = Release|Any CPU
		{43382D53-FFE0-4BD0-8F5D-9594858B2E69}.Release|x86.ActiveCfg = Release|Any CPU
		{43382D53-FFE0-4BD0-8F5D-9594858B2E69}.Release|x86.Build.0 = Release|Any CPU
	EndGlobalSection
	GlobalSection(SolutionProperties) = preSolution
		HideSolutionNode = FALSE
	EndGlobalSection
	GlobalSection(NestedProjects) = preSolution
		{A8009EAB-7754-4CC6-908F-626DC2B7F255} = {E4B5C352-498A-42A9-A251-008218E942DB}
		{702C2A10-0401-4504-B6C7-06CB05997161} = {A8009EAB-7754-4CC6-908F-626DC2B7F255}
		{3EFA8086-5627-44BC-9C21-39CFC4145700} = {E4B5C352-498A-42A9-A251-008218E942DB}
		{5A1AEBF3-E403-43D0-92AE-D5F85E9A00D3} = {3EFA8086-5627-44BC-9C21-39CFC4145700}
		{586FA80E-7A75-4FA7-A946-5C02053DAFEF} = {BB5C8592-B675-4225-92AF-4E0B7AE7FBCC}
		{9CD3D194-6423-4B0B-A024-B87DA1D208E5} = {586FA80E-7A75-4FA7-A946-5C02053DAFEF}
		{C3B71405-7F10-45FB-8DCD-657C626DA479} = {BB5C8592-B675-4225-92AF-4E0B7AE7FBCC}
		{43382D53-FFE0-4BD0-8F5D-9594858B2E69} = {C3B71405-7F10-45FB-8DCD-657C626DA479}
	EndGlobalSection
	GlobalSection(ExtensibilityGlobals) = postSolution
		SolutionGuid = {DD2458A2-9147-4201-9AB1-B2B86EC8C992}
	EndGlobalSection
EndGlobal
